// !$*UTF8*$!
{
	archiveVersion = 1;
	classes = {
	};
	objectVersion = 46;
	objects = {

/* Begin PBXBuildFile section */
		E8684FA71C40F1F10062C8B9 /* main.m in Sources */ = {isa = PBXBuildFile; fileRef = E8684FA61C40F1F10062C8B9 /* main.m */; };
		E8684FAA1C40F1F10062C8B9 /* AppDelegate.m in Sources */ = {isa = PBXBuildFile; fileRef = E8684FA91C40F1F10062C8B9 /* AppDelegate.m */; };
		E8684FAD1C40F1F10062C8B9 /* ViewController.m in Sources */ = {isa = PBXBuildFile; fileRef = E8684FAC1C40F1F10062C8B9 /* ViewController.m */; };
		E8684FB01C40F1F10062C8B9 /* Main.storyboard in Resources */ = {isa = PBXBuildFile; fileRef = E8684FAE1C40F1F10062C8B9 /* Main.storyboard */; };
		E8684FB21C40F1F10062C8B9 /* Images.xcassets in Resources */ = {isa = PBXBuildFile; fileRef = E8684FB11C40F1F10062C8B9 /* Images.xcassets */; };
		E8684FB51C40F1F10062C8B9 /* LaunchScreen.xib in Resources */ = {isa = PBXBuildFile; fileRef = E8684FB31C40F1F10062C8B9 /* LaunchScreen.xib */; };
		E8684FC11C40F1F10062C8B9 /* testTests.m in Sources */ = {isa = PBXBuildFile; fileRef = E8684FC01C40F1F10062C8B9 /* testTests.m */; };
		E8684FCC1C40F5DB0062C8B9 /* TestCell.m in Sources */ = {isa = PBXBuildFile; fileRef = E8684FCB1C40F5DB0062C8B9 /* TestCell.m */; };
/* End PBXBuildFile section */

/* Begin PBXContainerItemProxy section */
		E8684FBB1C40F1F10062C8B9 /* PBXContainerItemProxy */ = {
			isa = PBXContainerItemProxy;
			containerPortal = E8684F991C40F1F00062C8B9 /* Project object */;
			proxyType = 1;
			remoteGlobalIDString = E8684FA01C40F1F10062C8B9;
			remoteInfo = test;
		};
/* End PBXContainerItemProxy section */

/* Begin PBXFileReference section */
		E8684FA11C40F1F10062C8B9 /* test.app */ = {isa = PBXFileReference; explicitFileType = wrapper.application; includeInIndex = 0; path = test.app; sourceTree = BUILT_PRODUCTS_DIR; };
		E8684FA51C40F1F10062C8B9 /* Info.plist */ = {isa = PBXFileReference; lastKnownFileType = text.plist.xml; path = Info.plist; sourceTree = "<group>"; };
		E8684FA61C40F1F10062C8B9 /* main.m */ = {isa = PBXFileReference; lastKnownFileType = sourcecode.c.objc; path = main.m; sourceTree = "<group>"; };
		E8684FA81C40F1F10062C8B9 /* AppDelegate.h */ = {isa = PBXFileReference; lastKnownFileType = sourcecode.c.h; path = AppDelegate.h; sourceTree = "<group>"; };
		E8684FA91C40F1F10062C8B9 /* AppDelegate.m */ = {isa = PBXFileReference; lastKnownFileType = sourcecode.c.objc; path = AppDelegate.m; sourceTree = "<group>"; };
		E8684FAB1C40F1F10062C8B9 /* ViewController.h */ = {isa = PBXFileReference; lastKnownFileType = sourcecode.c.h; path = ViewController.h; sourceTree = "<group>"; };
		E8684FAC1C40F1F10062C8B9 /* ViewController.m */ = {isa = PBXFileReference; lastKnownFileType = sourcecode.c.objc; path = ViewController.m; sourceTree = "<group>"; };
		E8684FAF1C40F1F10062C8B9 /* Base */ = {isa = PBXFileReference; lastKnownFileType = file.storyboard; name = Base; path = Base.lproj/Main.storyboard; sourceTree = "<group>"; };
		E8684FB11C40F1F10062C8B9 /* Images.xcassets */ = {isa = PBXFileReference; lastKnownFileType = folder.assetcatalog; path = Images.xcassets; sourceTree = "<group>"; };
		E8684FB41C40F1F10062C8B9 /* Base */ = {isa = PBXFileReference; lastKnownFileType = file.xib; name = Base; path = Base.lproj/LaunchScreen.xib; sourceTree = "<group>"; };
		E8684FBA1C40F1F10062C8B9 /* testTests.xctest */ = {isa = PBXFileReference; explicitFileType = wrapper.cfbundle; includeInIndex = 0; path = testTests.xctest; sourceTree = BUILT_PRODUCTS_DIR; };
		E8684FBF1C40F1F10062C8B9 /* Info.plist */ = {isa = PBXFileReference; lastKnownFileType = text.plist.xml; path = Info.plist; sourceTree = "<group>"; };
		E8684FC01C40F1F10062C8B9 /* testTests.m */ = {isa = PBXFileReference; lastKnownFileType = sourcecode.c.objc; path = testTests.m; sourceTree = "<group>"; };
		E8684FCA1C40F5DB0062C8B9 /* TestCell.h */ = {isa = PBXFileReference; fileEncoding = 4; lastKnownFileType = sourcecode.c.h; path = TestCell.h; sourceTree = "<group>"; };
		E8684FCB1C40F5DB0062C8B9 /* TestCell.m */ = {isa = PBXFileReference; fileEncoding = 4; lastKnownFileType = sourcecode.c.objc; path = TestCell.m; sourceTree = "<group>"; };
/* End PBXFileReference section */

/* Begin PBXFrameworksBuildPhase section */
		E8684F9E1C40F1F10062C8B9 /* Frameworks */ = {
			isa = PBXFrameworksBuildPhase;
			buildActionMask = 2147483647;
			files = (
			);
			runOnlyForDeploymentPostprocessing = 0;
		};
		E8684FB71C40F1F10062C8B9 /* Frameworks */ = {
			isa = PBXFrameworksBuildPhase;
			buildActionMask = 2147483647;
			files = (
			);
			runOnlyForDeploymentPostprocessing = 0;
		};
/* End PBXFrameworksBuildPhase section */

/* Begin PBXGroup section */
		E8684F981C40F1F00062C8B9 = {
			isa = PBXGroup;
			children = (
				E8684FA31C40F1F10062C8B9 /* test */,
				E8684FBD1C40F1F10062C8B9 /* testTests */,
				E8684FA21C40F1F10062C8B9 /* Products */,
			);
			sourceTree = "<group>";
		};
		E8684FA21C40F1F10062C8B9 /* Products */ = {
			isa = PBXGroup;
			children = (
				E8684FA11C40F1F10062C8B9 /* test.app */,
				E8684FBA1C40F1F10062C8B9 /* testTests.xctest */,
			);
			name = Products;
			sourceTree = "<group>";
		};
		E8684FA31C40F1F10062C8B9 /* test */ = {
			isa = PBXGroup;
			children = (
				E8684FA81C40F1F10062C8B9 /* AppDelegate.h */,
				E8684FA91C40F1F10062C8B9 /* AppDelegate.m */,
				E8684FAB1C40F1F10062C8B9 /* ViewController.h */,
				E8684FAC1C40F1F10062C8B9 /* ViewController.m */,
				E8684FCA1C40F5DB0062C8B9 /* TestCell.h */,
				E8684FCB1C40F5DB0062C8B9 /* TestCell.m */,
				E8684FAE1C40F1F10062C8B9 /* Main.storyboard */,
				E8684FB11C40F1F10062C8B9 /* Images.xcassets */,
				E8684FB31C40F1F10062C8B9 /* LaunchScreen.xib */,
				E8684FA41C40F1F10062C8B9 /* Supporting Files */,
			);
			path = test;
			sourceTree = "<group>";
		};
		E8684FA41C40F1F10062C8B9 /* Supporting Files */ = {
			isa = PBXGroup;
			children = (
				E8684FA51C40F1F10062C8B9 /* Info.plist */,
				E8684FA61C40F1F10062C8B9 /* main.m */,
			);
			name = "Supporting Files";
			sourceTree = "<group>";
		};
		E8684FBD1C40F1F10062C8B9 /* testTests */ = {
			isa = PBXGroup;
			children = (
				E8684FC01C40F1F10062C8B9 /* testTests.m */,
				E8684FBE1C40F1F10062C8B9 /* Supporting Files */,
			);
			path = testTests;
			sourceTree = "<group>";
		};
		E8684FBE1C40F1F10062C8B9 /* Supporting Files */ = {
			isa = PBXGroup;
			children = (
				E8684FBF1C40F1F10062C8B9 /* Info.plist */,
			);
			name = "Supporting Files";
			sourceTree = "<group>";
		};
/* End PBXGroup section */

/* Begin PBXNativeTarget section */
		E8684FA01C40F1F10062C8B9 /* test */ = {
			isa = PBXNativeTarget;
			buildConfigurationList = E8684FC41C40F1F10062C8B9 /* Build configuration list for PBXNativeTarget "test" */;
			buildPhases = (
				E8684F9D1C40F1F10062C8B9 /* Sources */,
				E8684F9E1C40F1F10062C8B9 /* Frameworks */,
				E8684F9F1C40F1F10062C8B9 /* Resources */,
			);
			buildRules = (
			);
			dependencies = (
			);
			name = test;
			productName = test;
			productReference = E8684FA11C40F1F10062C8B9 /* test.app */;
			productType = "com.apple.product-type.application";
		};
		E8684FB91C40F1F10062C8B9 /* testTests */ = {
			isa = PBXNativeTarget;
			buildConfigurationList = E8684FC71C40F1F10062C8B9 /* Build configuration list for PBXNativeTarget "testTests" */;
			buildPhases = (
				E8684FB61C40F1F10062C8B9 /* Sources */,
				E8684FB71C40F1F10062C8B9 /* Frameworks */,
				E8684FB81C40F1F10062C8B9 /* Resources */,
			);
			buildRules = (
			);
			dependencies = (
				E8684FBC1C40F1F10062C8B9 /* PBXTargetDependency */,
			);
			name = testTests;
			productName = testTests;
			productReference = E8684FBA1C40F1F10062C8B9 /* testTests.xctest */;
			productType = "com.apple.product-type.bundle.unit-test";
		};
/* End PBXNativeTarget section */

/* Begin PBXProject section */
		E8684F991C40F1F00062C8B9 /* Project object */ = {
			isa = PBXProject;
			attributes = {
				LastUpgradeCheck = 0640;
				ORGANIZATIONNAME = "夏桂峰";
				TargetAttributes = {
					E8684FA01C40F1F10062C8B9 = {
						CreatedOnToolsVersion = 6.4;
					};
					E8684FB91C40F1F10062C8B9 = {
						CreatedOnToolsVersion = 6.4;
						TestTargetID = E8684FA01C40F1F10062C8B9;
					};
				};
			};
			buildConfigurationList = E8684F9C1C40F1F00062C8B9 /* Build configuration list for PBXProject "test" */;
			compatibilityVersion = "Xcode 3.2";
			developmentRegion = English;
			hasScannedForEncodings = 0;
			knownRegions = (
				en,
				Base,
			);
			mainGroup = E8684F981C40F1F00062C8B9;
			productRefGroup = E8684FA21C40F1F10062C8B9 /* Products */;
			projectDirPath = "";
			projectRoot = "";
			targets = (
				E8684FA01C40F1F10062C8B9 /* test */,
				E8684FB91C40F1F10062C8B9 /* testTests */,
			);
		};
/* End PBXProject section */

/* Begin PBXResourcesBuildPhase section */
		E8684F9F1C40F1F10062C8B9 /* Resources */ = {
			isa = PBXResourcesBuildPhase;
			buildActionMask = 2147483647;
			files = (
				E8684FB01C40F1F10062C8B9 /* Main.storyboard in Resources */,
				E8684FB51C40F1F10062C8B9 /* LaunchScreen.xib in Resources */,
				E8684FB21C40F1F10062C8B9 /* Images.xcassets in Resources */,
			);
			runOnlyForDeploymentPostprocessing = 0;
		};
		E8684FB81C40F1F10062C8B9 /* Resources */ = {
			isa = PBXResourcesBuildPhase;
			buildActionMask = 2147483647;
			files = (
			);
			runOnlyForDeploymentPostprocessing = 0;
		};
/* End PBXResourcesBuildPhase section */

/* Begin PBXSourcesBuildPhase section */
		E8684F9D1C40F1F10062C8B9 /* Sources */ = {
			isa = PBXSourcesBuildPhase;
			buildActionMask = 2147483647;
			files = (
				E8684FAD1C40F1F10062C8B9 /* ViewController.m in Sources */,
				E8684FCC1C40F5DB0062C8B9 /* TestCell.m in Sources */,
				E8684FAA1C40F1F10062C8B9 /* AppDelegate.m in Sources */,
				E8684FA71C40F1F10062C8B9 /* main.m in Sources */,
			);
			runOnlyForDeploymentPostprocessing = 0;
		};
		E8684FB61C40F1F10062C8B9 /* Sources */ = {
			isa = PBXSourcesBuildPhase;
			buildActionMask = 2147483647;
			files = (
				E8684FC11C40F1F10062C8B9 /* testTests.m in Sources */,
			);
			runOnlyForDeploymentPostprocessing = 0;
		};
/* End PBXSourcesBuildPhase section */

/* Begin PBXTargetDependency section */
		E8684FBC1C40F1F10062C8B9 /* PBXTargetDependency */ = {
			isa = PBXTargetDependency;
			target = E8684FA01C40F1F10062C8B9 /* test */;
			targetProxy = E8684FBB1C40F1F10062C8B9 /* PBXContainerItemProxy */;
		};
/* End PBXTargetDependency section */

/* Begin PBXVariantGroup section */
		E8684FAE1C40F1F10062C8B9 /* Main.storyboard */ = {
			isa = PBXVariantGroup;
			children = (
				E8684FAF1C40F1F10062C8B9 /* Base */,
			);
			name = Main.storyboard;
			sourceTree = "<group>";
		};
		E8684FB31C40F1F10062C8B9 /* LaunchScreen.xib */ = {
			isa = PBXVariantGroup;
			children = (
				E8684FB41C40F1F10062C8B9 /* Base */,
			);
			name = LaunchScreen.xib;
			sourceTree = "<group>";
		};
/* End PBXVariantGroup section */

/* Begin XCBuildConfiguration section */
		E8684FC21C40F1F10062C8B9 /* Debug */ = {
			isa = XCBuildConfiguration;
			buildSettings = {
				ALWAYS_SEARCH_USER_PATHS = NO;
				CLANG_CXX_LANGUAGE_STANDARD = "gnu++0x";
				CLANG_CXX_LIBRARY = "libc++";
				CLANG_ENABLE_MODULES = YES;
				CLANG_ENABLE_OBJC_ARC = YES;
				CLANG_WARN_BOOL_CONVERSION = YES;
				CLANG_WARN_CONSTANT_CONVERSION = YES;
				CLANG_WARN_DIRECT_OBJC_ISA_USAGE = YES_ERROR;
				CLANG_WARN_EMPTY_BODY = YES;
				CLANG_WARN_ENUM_CONVERSION = YES;
				CLANG_WARN_INT_CONVERSION = YES;
				CLANG_WARN_OBJC_ROOT_CLASS = YES_ERROR;
				CLANG_WARN_UNREACHABLE_CODE = YES;
				CLANG_WARN__DUPLICATE_METHOD_MATCH = YES;
				"CODE_SIGN_IDENTITY[sdk=iphoneos*]" = "iPhone Developer";
				COPY_PHASE_STRIP = NO;
				DEBUG_INFORMATION_FORMAT = "dwarf-with-dsym";
				ENABLE_STRICT_OBJC_MSGSEND = YES;
				GCC_C_LANGUAGE_STANDARD = gnu99;
				GCC_DYNAMIC_NO_PIC = NO;
				GCC_NO_COMMON_BLOCKS = YES;
				GCC_OPTIMIZATION_LEVEL = 0;
				GCC_PREPROCESSOR_DEFINITIONS = (
					"DEBUG=1",
					"$(inherited)",
				);
				GCC_SYMBOLS_PRIVATE_EXTERN = NO;
				GCC_WARN_64_TO_32_BIT_CONVERSION = YES;
				GCC_WARN_ABOUT_RETURN_TYPE = YES_ERROR;
				GCC_WARN_UNDECLARED_SELECTOR = YES;
				GCC_WARN_UNINITIALIZED_AUTOS = YES_AGGRESSIVE;
				GCC_WARN_UNUSED_FUNCTION = YES;
				GCC_WARN_UNUSED_VARIABLE = YES;
				IPHONEOS_DEPLOYMENT_TARGET = 8.4;
				MTL_ENABLE_DEBUG_INFO = YES;
				ONLY_ACTIVE_ARCH = YES;
				SDKROOT = iphoneos;
			};
			name = Debug;
		};
		E8684FC31C40F1F10062C8B9 /* Release */ = {
			isa = XCBuildConfiguration;
			buildSettings = {
				ALWAYS_SEARCH_USER_PATHS = NO;
				CLANG_CXX_LANGUAGE_STANDARD = "gnu++0x";
				CLANG_CXX_LIBRARY = "libc++";
				CLANG_ENABLE_MODULES = YES;
				CLANG_ENABLE_OBJC_ARC = YES;
				CLANG_WARN_BOOL_CONVERSION = YES;
				CLANG_WARN_CONSTANT_CONVERSION = YES;
				CLANG_WARN_DIRECT_OBJC_ISA_USAGE = YES_ERROR;
				CLANG_WARN_EMPTY_BODY = YES;
				CLANG_WARN_ENUM_CONVERSION = YES;
				CLANG_WARN_INT_CONVERSION = YES;
				CLANG_WARN_OBJC_ROOT_CLASS = YES_ERROR;
				CLANG_WARN_UNREACHABLE_CODE = YES;
				CLANG_WARN__DUPLICATE_METHOD_MATCH = YES;
				"CODE_SIGN_IDENTITY[sdk=iphoneos*]" = "iPhone Developer";
				COPY_PHASE_STRIP = NO;
				DEBUG_INFORMATION_FORMAT = "dwarf-with-dsym";
				ENABLE_NS_ASSERTIONS = NO;
				ENABLE_STRICT_OBJC_MSGSEND = YES;
				GCC_C_LANGUAGE_STANDARD = gnu99;
				GCC_NO_COMMON_BLOCKS = YES;
				GCC_WARN_64_TO_32_BIT_CONVERSION = YES;
				GCC_WARN_ABOUT_RETURN_TYPE = YES_ERROR;
				GCC_WARN_UNDECLARED_SELECTOR = YES;
				GCC_WARN_UNINITIALIZED_AUTOS = YES_AGGRESSIVE;
				GCC_WARN_UNUSED_FUNCTION = YES;
				GCC_WARN_UNUSED_VARIABLE = YES;
				IPHONEOS_DEPLOYMENT_TARGET = 8.4;
				MTL_ENABLE_DEBUG_INFO = NO;
				SDKROOT = iphoneos;
				VALIDATE_PRODUCT = YES;
			};
			name = Release;
		};
		E8684FC51C40F1F10062C8B9 /* Debug */ = {
			isa = XCBuildConfiguration;
			buildSettings = {
				ASSETCATALOG_COMPILER_APPICON_NAME = AppIcon;
				INFOPLIST_FILE = test/Info.plist;
				LD_RUNPATH_SEARCH_PATHS = "$(inherited) @executable_path/Frameworks";
				PRODUCT_NAME = "$(TARGET_NAME)";
			};
			name = Debug;
		};
		E8684FC61C40F1F10062C8B9 /* Release */ = {
			isa = XCBuildConfiguration;
			buildSettings = {
				ASSETCATALOG_COMPILER_APPICON_NAME = AppIcon;
				INFOPLIST_FILE = test/Info.plist;
				LD_RUNPATH_SEARCH_PATHS = "$(inherited) @executable_path/Frameworks";
				PRODUCT_NAME = "$(TARGET_NAME)";
			};
			name = Release;
		};
		E8684FC81C40F1F10062C8B9 /* Debug */ = {
			isa = XCBuildConfiguration;
			buildSettings = {
				BUNDLE_LOADER = "$(TEST_HOST)";
				FRAMEWORK_SEARCH_PATHS = (
					"$(SDKROOT)/Developer/Library/Frameworks",
					"$(inherited)",
				);
				GCC_PREPROCESSOR_DEFINITIONS = (
					"DEBUG=1",
					"$(inherited)",
				);
				INFOPLIST_FILE = testTests/Info.plist;
				LD_RUNPATH_SEARCH_PATHS = "$(inherited) @executable_path/Frameworks @loader_path/Frameworks";
				PRODUCT_NAME = "$(TARGET_NAME)";
				TEST_HOST = "$(BUILT_PRODUCTS_DIR)/test.app/test";
			};
			name = Debug;
		};
		E8684FC91C40F1F10062C8B9 /* Release */ = {
			isa = XCBuildConfiguration;
			buildSettings = {
				BUNDLE_LOADER = "$(TEST_HOST)";
				FRAMEWORK_SEARCH_PATHS = (
					"$(SDKROOT)/Developer/Library/Frameworks",
					"$(inherited)",
				);
				INFOPLIST_FILE = testTests/Info.plist;
				LD_RUNPATH_SEARCH_PATHS = "$(inherited) @executable_path/Frameworks @loader_path/Frameworks";
				PRODUCT_NAME = "$(TARGET_NAME)";
				TEST_HOST = "$(BUILT_PRODUCTS_DIR)/test.app/test";
			};
			name = Release;
		};
/* End XCBuildConfiguration section */

/* Begin XCConfigurationList section */
		E8684F9C1C40F1F00062C8B9 /* Build configuration list for PBXProject "test" */ = {
			isa = XCConfigurationList;
			buildConfigurations = (
				E8684FC21C40F1F10062C8B9 /* Debug */,
				E8684FC31C40F1F10062C8B9 /* Release */,
			);
			defaultConfigurationIsVisible = 0;
			defaultConfigurationName = Release;
		};
		E8684FC41C40F1F10062C8B9 /* Build configuration list for PBXNativeTarget "test" */ = {
			isa = XCConfigurationList;
			buildConfigurations = (
				E8684FC51C40F1F10062C8B9 /* Debug */,
				E8684FC61C40F1F10062C8B9 /* Release */,
			);
			defaultConfigurationIsVisible = 0;
		};
		E8684FC71C40F1F10062C8B9 /* Build configuration list for PBXNativeTarget "testTests" */ = {
			isa = XCConfigurationList;
			buildConfigurations = (
				E8684FC81C40F1F10062C8B9 /* Debug */,
				E8684FC91C40F1F10062C8B9 /* Release */,
			);
			defaultConfigurationIsVisible = 0;
		};
/* End XCConfigurationList section */
	};
	rootObject = E8684F991C40F1F00062C8B9 /* Project object */;
}
